// !$*UTF8*$!
{
	archiveVersion = 1;
	classes = {
	};
	objectVersion = 46;
	objects = {

/* Begin PBXBuildFile section */
		CC70D62B1C12773D00414820 /* main.m in Sources */ = {isa = PBXBuildFile; fileRef = CC70D62A1C12773D00414820 /* main.m */; };
		CC70D62E1C12773D00414820 /* AppDelegate.m in Sources */ = {isa = PBXBuildFile; fileRef = CC70D62D1C12773D00414820 /* AppDelegate.m */; };
		CC70D6311C12773D00414820 /* ViewController.m in Sources */ = {isa = PBXBuildFile; fileRef = CC70D6301C12773D00414820 /* ViewController.m */; };
		CC70D6341C12773D00414820 /* Main.storyboard in Resources */ = {isa = PBXBuildFile; fileRef = CC70D6321C12773D00414820 /* Main.storyboard */; };
		CC70D6361C12773D00414820 /* Images.xcassets in Resources */ = {isa = PBXBuildFile; fileRef = CC70D6351C12773D00414820 /* Images.xcassets */; };
		CC70D6391C12773D00414820 /* LaunchScreen.xib in Resources */ = {isa = PBXBuildFile; fileRef = CC70D6371C12773D00414820 /* LaunchScreen.xib */; };
		CC70D6451C12773D00414820 /* _1______Tests.m in Sources */ = {isa = PBXBuildFile; fileRef = CC70D6441C12773D00414820 /* _1______Tests.m */; };
/* End PBXBuildFile section */

/* Begin PBXContainerItemProxy section */
		CC70D63F1C12773D00414820 /* PBXContainerItemProxy */ = {
			isa = PBXContainerItemProxy;
			containerPortal = CC70D61D1C12773D00414820 /* Project object */;
			proxyType = 1;
			remoteGlobalIDString = CC70D6241C12773D00414820;
			remoteInfo = "01-刷新表视图";
		};
/* End PBXContainerItemProxy section */

/* Begin PBXFileReference section */
		CC70D6251C12773D00414820 /* 01-刷新表视图.app */ = {isa = PBXFileReference; explicitFileType = wrapper.application; includeInIndex = 0; path = "01-刷新表视图.app"; sourceTree = BUILT_PRODUCTS_DIR; };
		CC70D6291C12773D00414820 /* Info.plist */ = {isa = PBXFileReference; lastKnownFileType = text.plist.xml; path = Info.plist; sourceTree = "<group>"; };
		CC70D62A1C12773D00414820 /* main.m */ = {isa = PBXFileReference; lastKnownFileType = sourcecode.c.objc; path = main.m; sourceTree = "<group>"; };
		CC70D62C1C12773D00414820 /* AppDelegate.h */ = {isa = PBXFileReference; lastKnownFileType = sourcecode.c.h; path = AppDelegate.h; sourceTree = "<group>"; };
		CC70D62D1C12773D00414820 /* AppDelegate.m */ = {isa = PBXFileReference; lastKnownFileType = sourcecode.c.objc; path = AppDelegate.m; sourceTree = "<group>"; };
		CC70D62F1C12773D00414820 /* ViewController.h */ = {isa = PBXFileReference; lastKnownFileType = sourcecode.c.h; path = ViewController.h; sourceTree = "<group>"; };
		CC70D6301C12773D00414820 /* ViewController.m */ = {isa = PBXFileReference; lastKnownFileType = sourcecode.c.objc; path = ViewController.m; sourceTree = "<group>"; };
		CC70D6331C12773D00414820 /* Base */ = {isa = PBXFileReference; lastKnownFileType = file.storyboard; name = Base; path = Base.lproj/Main.storyboard; sourceTree = "<group>"; };
		CC70D6351C12773D00414820 /* Images.xcassets */ = {isa = PBXFileReference; lastKnownFileType = folder.assetcatalog; path = Images.xcassets; sourceTree = "<group>"; };
		CC70D6381C12773D00414820 /* Base */ = {isa = PBXFileReference; lastKnownFileType = file.xib; name = Base; path = Base.lproj/LaunchScreen.xib; sourceTree = "<group>"; };
		CC70D63E1C12773D00414820 /* 01-刷新表视图Tests.xctest */ = {isa = PBXFileReference; explicitFileType = wrapper.cfbundle; includeInIndex = 0; path = "01-刷新表视图Tests.xctest"; sourceTree = BUILT_PRODUCTS_DIR; };
		CC70D6431C12773D00414820 /* Info.plist */ = {isa = PBXFileReference; lastKnownFileType = text.plist.xml; path = Info.plist; sourceTree = "<group>"; };
		CC70D6441C12773D00414820 /* _1______Tests.m */ = {isa = PBXFileReference; lastKnownFileType = sourcecode.c.objc; path = "_1______Tests.m"; sourceTree = "<group>"; };
/* End PBXFileReference section */

/* Begin PBXFrameworksBuildPhase section */
		CC70D6221C12773D00414820 /* Frameworks */ = {
			isa = PBXFrameworksBuildPhase;
			buildActionMask = 2147483647;
			files = (
			);
			runOnlyForDeploymentPostprocessing = 0;
		};
		CC70D63B1C12773D00414820 /* Frameworks */ = {
			isa = PBXFrameworksBuildPhase;
			buildActionMask = 2147483647;
			files = (
			);
			runOnlyForDeploymentPostprocessing = 0;
		};
/* End PBXFrameworksBuildPhase section */

/* Begin PBXGroup section */
		CC70D61C1C12773D00414820 = {
			isa = PBXGroup;
			children = (
				CC70D6271C12773D00414820 /* 01-刷新表视图 */,
				CC70D6411C12773D00414820 /* 01-刷新表视图Tests */,
				CC70D6261C12773D00414820 /* Products */,
			);
			sourceTree = "<group>";
		};
		CC70D6261C12773D00414820 /* Products */ = {
			isa = PBXGroup;
			children = (
				CC70D6251C12773D00414820 /* 01-刷新表视图.app */,
				CC70D63E1C12773D00414820 /* 01-刷新表视图Tests.xctest */,
			);
			name = Products;
			sourceTree = "<group>";
		};
		CC70D6271C12773D00414820 /* 01-刷新表视图 */ = {
			isa = PBXGroup;
			children = (
				CC70D62C1C12773D00414820 /* AppDelegate.h */,
				CC70D62D1C12773D00414820 /* AppDelegate.m */,
				CC70D62F1C12773D00414820 /* ViewController.h */,
				CC70D6301C12773D00414820 /* ViewController.m */,
				CC70D6321C12773D00414820 /* Main.storyboard */,
				CC70D6351C12773D00414820 /* Images.xcassets */,
				CC70D6371C12773D00414820 /* LaunchScreen.xib */,
				CC70D6281C12773D00414820 /* Supporting Files */,
			);
			path = "01-刷新表视图";
			sourceTree = "<group>";
		};
		CC70D6281C12773D00414820 /* Supporting Files */ = {
			isa = PBXGroup;
			children = (
				CC70D6291C12773D00414820 /* Info.plist */,
				CC70D62A1C12773D00414820 /* main.m */,
			);
			name = "Supporting Files";
			sourceTree = "<group>";
		};
		CC70D6411C12773D00414820 /* 01-刷新表视图Tests */ = {
			isa = PBXGroup;
			children = (
				CC70D6441C12773D00414820 /* _1______Tests.m */,
				CC70D6421C12773D00414820 /* Supporting Files */,
			);
			path = "01-刷新表视图Tests";
			sourceTree = "<group>";
		};
		CC70D6421C12773D00414820 /* Supporting Files */ = {
			isa = PBXGroup;
			children = (
				CC70D6431C12773D00414820 /* Info.plist */,
			);
			name = "Supporting Files";
			sourceTree = "<group>";
		};
/* End PBXGroup section */

/* Begin PBXNativeTarget section */
		CC70D6241C12773D00414820 /* 01-刷新表视图 */ = {
			isa = PBXNativeTarget;
			buildConfigurationList = CC70D6481C12773D00414820 /* Build configuration list for PBXNativeTarget "01-刷新表视图" */;
			buildPhases = (
				CC70D6211C12773D00414820 /* Sources */,
				CC70D6221C12773D00414820 /* Frameworks */,
				CC70D6231C12773D00414820 /* Resources */,
			);
			buildRules = (
			);
			dependencies = (
			);
			name = "01-刷新表视图";
			productName = "01-刷新表视图";
			productReference = CC70D6251C12773D00414820 /* 01-刷新表视图.app */;
			productType = "com.apple.product-type.application";
		};
		CC70D63D1C12773D00414820 /* 01-刷新表视图Tests */ = {
			isa = PBXNativeTarget;
			buildConfigurationList = CC70D64B1C12773D00414820 /* Build configuration list for PBXNativeTarget "01-刷新表视图Tests" */;
			buildPhases = (
				CC70D63A1C12773D00414820 /* Sources */,
				CC70D63B1C12773D00414820 /* Frameworks */,
				CC70D63C1C12773D00414820 /* Resources */,
			);
			buildRules = (
			);
			dependencies = (
				CC70D6401C12773D00414820 /* PBXTargetDependency */,
			);
			name = "01-刷新表视图Tests";
			productName = "01-刷新表视图Tests";
			productReference = CC70D63E1C12773D00414820 /* 01-刷新表视图Tests.xctest */;
			productType = "com.apple.product-type.bundle.unit-test";
		};
/* End PBXNativeTarget section */

/* Begin PBXProject section */
		CC70D61D1C12773D00414820 /* Project object */ = {
			isa = PBXProject;
			attributes = {
				LastUpgradeCheck = 0640;
				ORGANIZATIONNAME = "阿六";
				TargetAttributes = {
					CC70D6241C12773D00414820 = {
						CreatedOnToolsVersion = 6.4;
					};
					CC70D63D1C12773D00414820 = {
						CreatedOnToolsVersion = 6.4;
						TestTargetID = CC70D6241C12773D00414820;
					};
				};
			};
			buildConfigurationList = CC70D6201C12773D00414820 /* Build configuration list for PBXProject "01-刷新表视图" */;
			compatibilityVersion = "Xcode 3.2";
			developmentRegion = English;
			hasScannedForEncodings = 0;
			knownRegions = (
				en,
				Base,
			);
			mainGroup = CC70D61C1C12773D00414820;
			productRefGroup = CC70D6261C12773D00414820 /* Products */;
			projectDirPath = "";
			projectRoot = "";
			targets = (
				CC70D6241C12773D00414820 /* 01-刷新表视图 */,
				CC70D63D1C12773D00414820 /* 01-刷新表视图Tests */,
			);
		};
/* End PBXProject section */

/* Begin PBXResourcesBuildPhase section */
		CC70D6231C12773D00414820 /* Resources */ = {
			isa = PBXResourcesBuildPhase;
			buildActionMask = 2147483647;
			files = (
				CC70D6341C12773D00414820 /* Main.storyboard in Resources */,
				CC70D6391C12773D00414820 /* LaunchScreen.xib in Resources */,
				CC70D6361C12773D00414820 /* Images.xcassets in Resources */,
			);
			runOnlyForDeploymentPostprocessing = 0;
		};
		CC70D63C1C12773D00414820 /* Resources */ = {
			isa = PBXResourcesBuildPhase;
			buildActionMask = 2147483647;
			files = (
			);
			runOnlyForDeploymentPostprocessing = 0;
		};
/* End PBXResourcesBuildPhase section */

/* Begin PBXSourcesBuildPhase section */
		CC70D6211C12773D00414820 /* Sources */ = {
			isa = PBXSourcesBuildPhase;
			buildActionMask = 2147483647;
			files = (
				CC70D6311C12773D00414820 /* ViewController.m in Sources */,
				CC70D62E1C12773D00414820 /* AppDelegate.m in Sources */,
				CC70D62B1C12773D00414820 /* main.m in Sources */,
			);
			runOnlyForDeploymentPostprocessing = 0;
		};
		CC70D63A1C12773D00414820 /* Sources */ = {
			isa = PBXSourcesBuildPhase;
			buildActionMask = 2147483647;
			files = (
				CC70D6451C12773D00414820 /* _1______Tests.m in Sources */,
			);
			runOnlyForDeploymentPostprocessing = 0;
		};
/* End PBXSourcesBuildPhase section */

/* Begin PBXTargetDependency section */
		CC70D6401C12773D00414820 /* PBXTargetDependency */ = {
			isa = PBXTargetDependency;
			target = CC70D6241C12773D00414820 /* 01-刷新表视图 */;
			targetProxy = CC70D63F1C12773D00414820 /* PBXContainerItemProxy */;
		};
/* End PBXTargetDependency section */

/* Begin PBXVariantGroup section */
		CC70D6321C12773D00414820 /* Main.storyboard */ = {
			isa = PBXVariantGroup;
			children = (
				CC70D6331C12773D00414820 /* Base */,
			);
			name = Main.storyboard;
			sourceTree = "<group>";
		};
		CC70D6371C12773D00414820 /* LaunchScreen.xib */ = {
			isa = PBXVariantGroup;
			children = (
				CC70D6381C12773D00414820 /* Base */,
			);
			name = LaunchScreen.xib;
			sourceTree = "<group>";
		};
/* End PBXVariantGroup section */

/* Begin XCBuildConfiguration section */
		CC70D6461C12773D00414820 /* Debug */ = {
			isa = XCBuildConfiguration;
			buildSettings = {
				ALWAYS_SEARCH_USER_PATHS = NO;
				CLANG_CXX_LANGUAGE_STANDARD = "gnu++0x";
				CLANG_CXX_LIBRARY = "libc++";
				CLANG_ENABLE_MODULES = YES;
				CLANG_ENABLE_OBJC_ARC = YES;
				CLANG_WARN_BOOL_CONVERSION = YES;
				CLANG_WARN_CONSTANT_CONVERSION = YES;
				CLANG_WARN_DIRECT_OBJC_ISA_USAGE = YES_ERROR;
				CLANG_WARN_EMPTY_BODY = YES;
				CLANG_WARN_ENUM_CONVERSION = YES;
				CLANG_WARN_INT_CONVERSION = YES;
				CLANG_WARN_OBJC_ROOT_CLASS = YES_ERROR;
				CLANG_WARN_UNREACHABLE_CODE = YES;
				CLANG_WARN__DUPLICATE_METHOD_MATCH = YES;
				"CODE_SIGN_IDENTITY[sdk=iphoneos*]" = "iPhone Developer";
				COPY_PHASE_STRIP = NO;
				DEBUG_INFORMATION_FORMAT = "dwarf-with-dsym";
				ENABLE_STRICT_OBJC_MSGSEND = YES;
				GCC_C_LANGUAGE_STANDARD = gnu99;
				GCC_DYNAMIC_NO_PIC = NO;
				GCC_NO_COMMON_BLOCKS = YES;
				GCC_OPTIMIZATION_LEVEL = 0;
				GCC_PREPROCESSOR_DEFINITIONS = (
					"DEBUG=1",
					"$(inherited)",
				);
				GCC_SYMBOLS_PRIVATE_EXTERN = NO;
				GCC_WARN_64_TO_32_BIT_CONVERSION = YES;
				GCC_WARN_ABOUT_RETURN_TYPE = YES_ERROR;
				GCC_WARN_UNDECLARED_SELECTOR = YES;
				GCC_WARN_UNINITIALIZED_AUTOS = YES_AGGRESSIVE;
				GCC_WARN_UNUSED_FUNCTION = YES;
				GCC_WARN_UNUSED_VARIABLE = YES;
				IPHONEOS_DEPLOYMENT_TARGET = 8.4;
				MTL_ENABLE_DEBUG_INFO = YES;
				ONLY_ACTIVE_ARCH = YES;
				SDKROOT = iphoneos;
				TARGETED_DEVICE_FAMILY = "1,2";
			};
			name = Debug;
		};
		CC70D6471C12773D00414820 /* Release */ = {
			isa = XCBuildConfiguration;
			buildSettings = {
				ALWAYS_SEARCH_USER_PATHS = NO;
				CLANG_CXX_LANGUAGE_STANDARD = "gnu++0x";
				CLANG_CXX_LIBRARY = "libc++";
				CLANG_ENABLE_MODULES = YES;
				CLANG_ENABLE_OBJC_ARC = YES;
				CLANG_WARN_BOOL_CONVERSION = YES;
				CLANG_WARN_CONSTANT_CONVERSION = YES;
				CLANG_WARN_DIRECT_OBJC_ISA_USAGE = YES_ERROR;
				CLANG_WARN_EMPTY_BODY = YES;
				CLANG_WARN_ENUM_CONVERSION = YES;
				CLANG_WARN_INT_CONVERSION = YES;
				CLANG_WARN_OBJC_ROOT_CLASS = YES_ERROR;
				CLANG_WARN_UNREACHABLE_CODE = YES;
				CLANG_WARN__DUPLICATE_METHOD_MATCH = YES;
				"CODE_SIGN_IDENTITY[sdk=iphoneos*]" = "iPhone Developer";
				COPY_PHASE_STRIP = NO;
				DEBUG_INFORMATION_FORMAT = "dwarf-with-dsym";
				ENABLE_NS_ASSERTIONS = NO;
				ENABLE_STRICT_OBJC_MSGSEND = YES;
				GCC_C_LANGUAGE_STANDARD = gnu99;
				GCC_NO_COMMON_BLOCKS = YES;
				GCC_WARN_64_TO_32_BIT_CONVERSION = YES;
				GCC_WARN_ABOUT_RETURN_TYPE = YES_ERROR;
				GCC_WARN_UNDECLARED_SELECTOR = YES;
				GCC_WARN_UNINITIALIZED_AUTOS = YES_AGGRESSIVE;
				GCC_WARN_UNUSED_FUNCTION = YES;
				GCC_WARN_UNUSED_VARIABLE = YES;
				IPHONEOS_DEPLOYMENT_TARGET = 8.4;
				MTL_ENABLE_DEBUG_INFO = NO;
				SDKROOT = iphoneos;
				TARGETED_DEVICE_FAMILY = "1,2";
				VALIDATE_PRODUCT = YES;
			};
			name = Release;
		};
		CC70D6491C12773D00414820 /* Debug */ = {
			isa = XCBuildConfiguration;
			buildSettings = {
				ASSETCATALOG_COMPILER_APPICON_NAME = AppIcon;
				INFOPLIST_FILE = "01-刷新表视图/Info.plist";
				LD_RUNPATH_SEARCH_PATHS = "$(inherited) @executable_path/Frameworks";
				PRODUCT_NAME = "$(TARGET_NAME)";
			};
			name = Debug;
		};
		CC70D64A1C12773D00414820 /* Release */ = {
			isa = XCBuildConfiguration;
			buildSettings = {
				ASSETCATALOG_COMPILER_APPICON_NAME = AppIcon;
				INFOPLIST_FILE = "01-刷新表视图/Info.plist";
				LD_RUNPATH_SEARCH_PATHS = "$(inherited) @executable_path/Frameworks";
				PRODUCT_NAME = "$(TARGET_NAME)";
			};
			name = Release;
		};
		CC70D64C1C12773D00414820 /* Debug */ = {
			isa = XCBuildConfiguration;
			buildSettings = {
				BUNDLE_LOADER = "$(TEST_HOST)";
				FRAMEWORK_SEARCH_PATHS = (
					"$(SDKROOT)/Developer/Library/Frameworks",
					"$(inherited)",
				);
				GCC_PREPROCESSOR_DEFINITIONS = (
					"DEBUG=1",
					"$(inherited)",
				);
				INFOPLIST_FILE = "01-刷新表视图Tests/Info.plist";
				LD_RUNPATH_SEARCH_PATHS = "$(inherited) @executable_path/Frameworks @loader_path/Frameworks";
				PRODUCT_NAME = "$(TARGET_NAME)";
				TEST_HOST = "$(BUILT_PRODUCTS_DIR)/01-刷新表视图.app/01-刷新表视图";
			};
			name = Debug;
		};
		CC70D64D1C12773D00414820 /* Release */ = {
			isa = XCBuildConfiguration;
			buildSettings = {
				BUNDLE_LOADER = "$(TEST_HOST)";
				FRAMEWORK_SEARCH_PATHS = (
					"$(SDKROOT)/Developer/Library/Frameworks",
					"$(inherited)",
				);
				INFOPLIST_FILE = "01-刷新表视图Tests/Info.plist";
				LD_RUNPATH_SEARCH_PATHS = "$(inherited) @executable_path/Frameworks @loader_path/Frameworks";
				PRODUCT_NAME = "$(TARGET_NAME)";
				TEST_HOST = "$(BUILT_PRODUCTS_DIR)/01-刷新表视图.app/01-刷新表视图";
			};
			name = Release;
		};
/* End XCBuildConfiguration section */

/* Begin XCConfigurationList section */
		CC70D6201C12773D00414820 /* Build configuration list for PBXProject "01-刷新表视图" */ = {
			isa = XCConfigurationList;
			buildConfigurations = (
				CC70D6461C12773D00414820 /* Debug */,
				CC70D6471C12773D00414820 /* Release */,
			);
			defaultConfigurationIsVisible = 0;
			defaultConfigurationName = Release;
		};
		CC70D6481C12773D00414820 /* Build configuration list for PBXNativeTarget "01-刷新表视图" */ = {
			isa = XCConfigurationList;
			buildConfigurations = (
				CC70D6491C12773D00414820 /* Debug */,
				CC70D64A1C12773D00414820 /* Release */,
			);
			defaultConfigurationIsVisible = 0;
		};
		CC70D64B1C12773D00414820 /* Build configuration list for PBXNativeTarget "01-刷新表视图Tests" */ = {
			isa = XCConfigurationList;
			buildConfigurations = (
				CC70D64C1C12773D00414820 /* Debug */,
				CC70D64D1C12773D00414820 /* Release */,
			);
			defaultConfigurationIsVisible = 0;
		};
/* End XCConfigurationList section */
	};
	rootObject = CC70D61D1C12773D00414820 /* Project object */;
}
