// !$*UTF8*$!
{
	archiveVersion = 1;
	classes = {
	};
	objectVersion = 46;
	objects = {

/* Begin PBXBuildFile section */
		CC68050A1C16B88700B90D38 /* main.m in Sources */ = {isa = PBXBuildFile; fileRef = CC6805091C16B88700B90D38 /* main.m */; };
		CC68050D1C16B88700B90D38 /* AppDelegate.m in Sources */ = {isa = PBXBuildFile; fileRef = CC68050C1C16B88700B90D38 /* AppDelegate.m */; };
		CC6805101C16B88700B90D38 /* ViewController.m in Sources */ = {isa = PBXBuildFile; fileRef = CC68050F1C16B88700B90D38 /* ViewController.m */; };
		CC6805131C16B88700B90D38 /* Main.storyboard in Resources */ = {isa = PBXBuildFile; fileRef = CC6805111C16B88700B90D38 /* Main.storyboard */; };
		CC6805151C16B88700B90D38 /* Images.xcassets in Resources */ = {isa = PBXBuildFile; fileRef = CC6805141C16B88700B90D38 /* Images.xcassets */; };
		CC6805181C16B88700B90D38 /* LaunchScreen.xib in Resources */ = {isa = PBXBuildFile; fileRef = CC6805161C16B88700B90D38 /* LaunchScreen.xib */; };
		CC6805241C16B88700B90D38 /* _1_UICollectionDemoTests.m in Sources */ = {isa = PBXBuildFile; fileRef = CC6805231C16B88700B90D38 /* _1_UICollectionDemoTests.m */; };
		CC6805331C16BC9800B90D38 /* QYCollectionViewCell.m in Sources */ = {isa = PBXBuildFile; fileRef = CC6805311C16BC9800B90D38 /* QYCollectionViewCell.m */; };
		CC6805341C16BC9800B90D38 /* QYCollectionViewCell.xib in Resources */ = {isa = PBXBuildFile; fileRef = CC6805321C16BC9800B90D38 /* QYCollectionViewCell.xib */; };
		CC68053A1C16D10B00B90D38 /* QYApp.m in Sources */ = {isa = PBXBuildFile; fileRef = CC6805391C16D10B00B90D38 /* QYApp.m */; };
		CC6805521C16D13C00B90D38 /* apps.plist in Resources */ = {isa = PBXBuildFile; fileRef = CC68053B1C16D13C00B90D38 /* apps.plist */; };
		CC6805531C16D13C00B90D38 /* icon_10099632_20861761_1428654371.png in Resources */ = {isa = PBXBuildFile; fileRef = CC68053D1C16D13C00B90D38 /* icon_10099632_20861761_1428654371.png */; };
		CC6805541C16D13C00B90D38 /* icon_10170898_20814808_1427993440.png in Resources */ = {isa = PBXBuildFile; fileRef = CC68053E1C16D13C00B90D38 /* icon_10170898_20814808_1427993440.png */; };
		CC6805551C16D13C00B90D38 /* icon_10195498_20814816_1427993495.png in Resources */ = {isa = PBXBuildFile; fileRef = CC68053F1C16D13C00B90D38 /* icon_10195498_20814816_1427993495.png */; };
		CC6805561C16D13C00B90D38 /* icon_10197302_21168699_1432783122.png in Resources */ = {isa = PBXBuildFile; fileRef = CC6805401C16D13C00B90D38 /* icon_10197302_21168699_1432783122.png */; };
		CC6805571C16D13C00B90D38 /* icon_10307710_21127749_1432173605.png in Resources */ = {isa = PBXBuildFile; fileRef = CC6805411C16D13C00B90D38 /* icon_10307710_21127749_1432173605.png */; };
		CC6805581C16D13C00B90D38 /* icon_10440469_21132855_1432208450.png in Resources */ = {isa = PBXBuildFile; fileRef = CC6805421C16D13C00B90D38 /* icon_10440469_21132855_1432208450.png */; };
		CC6805591C16D13C00B90D38 /* icon_10451659_21094805_1431656995.png in Resources */ = {isa = PBXBuildFile; fileRef = CC6805431C16D13C00B90D38 /* icon_10451659_21094805_1431656995.png */; };
		CC68055A1C16D13C00B90D38 /* icon_10453026_21134862_1432261689.png in Resources */ = {isa = PBXBuildFile; fileRef = CC6805441C16D13C00B90D38 /* icon_10453026_21134862_1432261689.png */; };
		CC68055B1C16D13C00B90D38 /* icon_10474521_21023282_1430733306.png in Resources */ = {isa = PBXBuildFile; fileRef = CC6805451C16D13C00B90D38 /* icon_10474521_21023282_1430733306.png */; };
		CC68055C1C16D13C00B90D38 /* icon_10478905_20814899_1427993807.png in Resources */ = {isa = PBXBuildFile; fileRef = CC6805461C16D13C00B90D38 /* icon_10478905_20814899_1427993807.png */; };
		CC68055D1C16D13C00B90D38 /* icon_10550983_20814907_1427993884.png in Resources */ = {isa = PBXBuildFile; fileRef = CC6805471C16D13C00B90D38 /* icon_10550983_20814907_1427993884.png */; };
		CC68055E1C16D13C00B90D38 /* icon_10681702_21052340_1431070284.png in Resources */ = {isa = PBXBuildFile; fileRef = CC6805481C16D13C00B90D38 /* icon_10681702_21052340_1431070284.png */; };
		CC68055F1C16D13C00B90D38 /* icon_10700832_20860930_1428645181.png in Resources */ = {isa = PBXBuildFile; fileRef = CC6805491C16D13C00B90D38 /* icon_10700832_20860930_1428645181.png */; };
		CC6805601C16D13C00B90D38 /* icon_1115588_21117732_1432027017.png in Resources */ = {isa = PBXBuildFile; fileRef = CC68054A1C16D13C00B90D38 /* icon_1115588_21117732_1432027017.png */; };
		CC6805611C16D13C00B90D38 /* icon_11285571_21179961_1432896869.png in Resources */ = {isa = PBXBuildFile; fileRef = CC68054B1C16D13C00B90D38 /* icon_11285571_21179961_1432896869.png */; };
		CC6805621C16D13C00B90D38 /* icon_1195255_20906474_1429171065.png in Resources */ = {isa = PBXBuildFile; fileRef = CC68054C1C16D13C00B90D38 /* icon_1195255_20906474_1429171065.png */; };
		CC6805631C16D13C00B90D38 /* icon_1299087_20814828_1427993536.png in Resources */ = {isa = PBXBuildFile; fileRef = CC68054D1C16D13C00B90D38 /* icon_1299087_20814828_1427993536.png */; };
		CC6805641C16D13C00B90D38 /* icon_3260_21178168_1432887385.png in Resources */ = {isa = PBXBuildFile; fileRef = CC68054E1C16D13C00B90D38 /* icon_3260_21178168_1432887385.png */; };
		CC6805651C16D13C00B90D38 /* icon_3439_21074976_1431416056.png in Resources */ = {isa = PBXBuildFile; fileRef = CC68054F1C16D13C00B90D38 /* icon_3439_21074976_1431416056.png */; };
		CC6805661C16D13C00B90D38 /* icon_4504_20814602_1427991973.png in Resources */ = {isa = PBXBuildFile; fileRef = CC6805501C16D13C00B90D38 /* icon_4504_20814602_1427991973.png */; };
		CC6805671C16D13C00B90D38 /* icon_98_19973839_1419336528.png in Resources */ = {isa = PBXBuildFile; fileRef = CC6805511C16D13C00B90D38 /* icon_98_19973839_1419336528.png */; };
/* End PBXBuildFile section */

/* Begin PBXContainerItemProxy section */
		CC68051E1C16B88700B90D38 /* PBXContainerItemProxy */ = {
			isa = PBXContainerItemProxy;
			containerPortal = CC6804FC1C16B88700B90D38 /* Project object */;
			proxyType = 1;
			remoteGlobalIDString = CC6805031C16B88700B90D38;
			remoteInfo = "01-UICollectionDemo";
		};
/* End PBXContainerItemProxy section */

/* Begin PBXFileReference section */
		CC6805041C16B88700B90D38 /* 01-UICollectionDemo.app */ = {isa = PBXFileReference; explicitFileType = wrapper.application; includeInIndex = 0; path = "01-UICollectionDemo.app"; sourceTree = BUILT_PRODUCTS_DIR; };
		CC6805081C16B88700B90D38 /* Info.plist */ = {isa = PBXFileReference; lastKnownFileType = text.plist.xml; path = Info.plist; sourceTree = "<group>"; };
		CC6805091C16B88700B90D38 /* main.m */ = {isa = PBXFileReference; lastKnownFileType = sourcecode.c.objc; path = main.m; sourceTree = "<group>"; };
		CC68050B1C16B88700B90D38 /* AppDelegate.h */ = {isa = PBXFileReference; lastKnownFileType = sourcecode.c.h; path = AppDelegate.h; sourceTree = "<group>"; };
		CC68050C1C16B88700B90D38 /* AppDelegate.m */ = {isa = PBXFileReference; lastKnownFileType = sourcecode.c.objc; path = AppDelegate.m; sourceTree = "<group>"; };
		CC68050E1C16B88700B90D38 /* ViewController.h */ = {isa = PBXFileReference; lastKnownFileType = sourcecode.c.h; path = ViewController.h; sourceTree = "<group>"; };
		CC68050F1C16B88700B90D38 /* ViewController.m */ = {isa = PBXFileReference; lastKnownFileType = sourcecode.c.objc; path = ViewController.m; sourceTree = "<group>"; };
		CC6805121C16B88700B90D38 /* Base */ = {isa = PBXFileReference; lastKnownFileType = file.storyboard; name = Base; path = Base.lproj/Main.storyboard; sourceTree = "<group>"; };
		CC6805141C16B88700B90D38 /* Images.xcassets */ = {isa = PBXFileReference; lastKnownFileType = folder.assetcatalog; path = Images.xcassets; sourceTree = "<group>"; };
		CC6805171C16B88700B90D38 /* Base */ = {isa = PBXFileReference; lastKnownFileType = file.xib; name = Base; path = Base.lproj/LaunchScreen.xib; sourceTree = "<group>"; };
		CC68051D1C16B88700B90D38 /* 01-UICollectionDemoTests.xctest */ = {isa = PBXFileReference; explicitFileType = wrapper.cfbundle; includeInIndex = 0; path = "01-UICollectionDemoTests.xctest"; sourceTree = BUILT_PRODUCTS_DIR; };
		CC6805221C16B88700B90D38 /* Info.plist */ = {isa = PBXFileReference; lastKnownFileType = text.plist.xml; path = Info.plist; sourceTree = "<group>"; };
		CC6805231C16B88700B90D38 /* _1_UICollectionDemoTests.m */ = {isa = PBXFileReference; lastKnownFileType = sourcecode.c.objc; path = _1_UICollectionDemoTests.m; sourceTree = "<group>"; };
		CC6805301C16BC9800B90D38 /* QYCollectionViewCell.h */ = {isa = PBXFileReference; fileEncoding = 4; lastKnownFileType = sourcecode.c.h; path = QYCollectionViewCell.h; sourceTree = "<group>"; };
		CC6805311C16BC9800B90D38 /* QYCollectionViewCell.m */ = {isa = PBXFileReference; fileEncoding = 4; lastKnownFileType = sourcecode.c.objc; path = QYCollectionViewCell.m; sourceTree = "<group>"; };
		CC6805321C16BC9800B90D38 /* QYCollectionViewCell.xib */ = {isa = PBXFileReference; fileEncoding = 4; lastKnownFileType = file.xib; path = QYCollectionViewCell.xib; sourceTree = "<group>"; };
		CC6805381C16D10B00B90D38 /* QYApp.h */ = {isa = PBXFileReference; fileEncoding = 4; lastKnownFileType = sourcecode.c.h; path = QYApp.h; sourceTree = "<group>"; };
		CC6805391C16D10B00B90D38 /* QYApp.m */ = {isa = PBXFileReference; fileEncoding = 4; lastKnownFileType = sourcecode.c.objc; path = QYApp.m; sourceTree = "<group>"; };
		CC68053B1C16D13C00B90D38 /* apps.plist */ = {isa = PBXFileReference; fileEncoding = 4; lastKnownFileType = text.plist.xml; path = apps.plist; sourceTree = "<group>"; };
		CC68053D1C16D13C00B90D38 /* icon_10099632_20861761_1428654371.png */ = {isa = PBXFileReference; lastKnownFileType = image.png; path = icon_10099632_20861761_1428654371.png; sourceTree = "<group>"; };
		CC68053E1C16D13C00B90D38 /* icon_10170898_20814808_1427993440.png */ = {isa = PBXFileReference; lastKnownFileType = image.png; path = icon_10170898_20814808_1427993440.png; sourceTree = "<group>"; };
		CC68053F1C16D13C00B90D38 /* icon_10195498_20814816_1427993495.png */ = {isa = PBXFileReference; lastKnownFileType = image.png; path = icon_10195498_20814816_1427993495.png; sourceTree = "<group>"; };
		CC6805401C16D13C00B90D38 /* icon_10197302_21168699_1432783122.png */ = {isa = PBXFileReference; lastKnownFileType = image.png; path = icon_10197302_21168699_1432783122.png; sourceTree = "<group>"; };
		CC6805411C16D13C00B90D38 /* icon_10307710_21127749_1432173605.png */ = {isa = PBXFileReference; lastKnownFileType = image.png; path = icon_10307710_21127749_1432173605.png; sourceTree = "<group>"; };
		CC6805421C16D13C00B90D38 /* icon_10440469_21132855_1432208450.png */ = {isa = PBXFileReference; lastKnownFileType = image.png; path = icon_10440469_21132855_1432208450.png; sourceTree = "<group>"; };
		CC6805431C16D13C00B90D38 /* icon_10451659_21094805_1431656995.png */ = {isa = PBXFileReference; lastKnownFileType = image.png; path = icon_10451659_21094805_1431656995.png; sourceTree = "<group>"; };
		CC6805441C16D13C00B90D38 /* icon_10453026_21134862_1432261689.png */ = {isa = PBXFileReference; lastKnownFileType = image.png; path = icon_10453026_21134862_1432261689.png; sourceTree = "<group>"; };
		CC6805451C16D13C00B90D38 /* icon_10474521_21023282_1430733306.png */ = {isa = PBXFileReference; lastKnownFileType = image.png; path = icon_10474521_21023282_1430733306.png; sourceTree = "<group>"; };
		CC6805461C16D13C00B90D38 /* icon_10478905_20814899_1427993807.png */ = {isa = PBXFileReference; lastKnownFileType = image.png; path = icon_10478905_20814899_1427993807.png; sourceTree = "<group>"; };
		CC6805471C16D13C00B90D38 /* icon_10550983_20814907_1427993884.png */ = {isa = PBXFileReference; lastKnownFileType = image.png; path = icon_10550983_20814907_1427993884.png; sourceTree = "<group>"; };
		CC6805481C16D13C00B90D38 /* icon_10681702_21052340_1431070284.png */ = {isa = PBXFileReference; lastKnownFileType = image.png; path = icon_10681702_21052340_1431070284.png; sourceTree = "<group>"; };
		CC6805491C16D13C00B90D38 /* icon_10700832_20860930_1428645181.png */ = {isa = PBXFileReference; lastKnownFileType = image.png; path = icon_10700832_20860930_1428645181.png; sourceTree = "<group>"; };
		CC68054A1C16D13C00B90D38 /* icon_1115588_21117732_1432027017.png */ = {isa = PBXFileReference; lastKnownFileType = image.png; path = icon_1115588_21117732_1432027017.png; sourceTree = "<group>"; };
		CC68054B1C16D13C00B90D38 /* icon_11285571_21179961_1432896869.png */ = {isa = PBXFileReference; lastKnownFileType = image.png; path = icon_11285571_21179961_1432896869.png; sourceTree = "<group>"; };
		CC68054C1C16D13C00B90D38 /* icon_1195255_20906474_1429171065.png */ = {isa = PBXFileReference; lastKnownFileType = image.png; path = icon_1195255_20906474_1429171065.png; sourceTree = "<group>"; };
		CC68054D1C16D13C00B90D38 /* icon_1299087_20814828_1427993536.png */ = {isa = PBXFileReference; lastKnownFileType = image.png; path = icon_1299087_20814828_1427993536.png; sourceTree = "<group>"; };
		CC68054E1C16D13C00B90D38 /* icon_3260_21178168_1432887385.png */ = {isa = PBXFileReference; lastKnownFileType = image.png; path = icon_3260_21178168_1432887385.png; sourceTree = "<group>"; };
		CC68054F1C16D13C00B90D38 /* icon_3439_21074976_1431416056.png */ = {isa = PBXFileReference; lastKnownFileType = image.png; path = icon_3439_21074976_1431416056.png; sourceTree = "<group>"; };
		CC6805501C16D13C00B90D38 /* icon_4504_20814602_1427991973.png */ = {isa = PBXFileReference; lastKnownFileType = image.png; path = icon_4504_20814602_1427991973.png; sourceTree = "<group>"; };
		CC6805511C16D13C00B90D38 /* icon_98_19973839_1419336528.png */ = {isa = PBXFileReference; lastKnownFileType = image.png; path = icon_98_19973839_1419336528.png; sourceTree = "<group>"; };
/* End PBXFileReference section */

/* Begin PBXFrameworksBuildPhase section */
		CC6805011C16B88700B90D38 /* Frameworks */ = {
			isa = PBXFrameworksBuildPhase;
			buildActionMask = 2147483647;
			files = (
			);
			runOnlyForDeploymentPostprocessing = 0;
		};
		CC68051A1C16B88700B90D38 /* Frameworks */ = {
			isa = PBXFrameworksBuildPhase;
			buildActionMask = 2147483647;
			files = (
			);
			runOnlyForDeploymentPostprocessing = 0;
		};
/* End PBXFrameworksBuildPhase section */

/* Begin PBXGroup section */
		CC6804FB1C16B88700B90D38 = {
			isa = PBXGroup;
			children = (
				CC6805061C16B88700B90D38 /* 01-UICollectionDemo */,
				CC6805201C16B88700B90D38 /* 01-UICollectionDemoTests */,
				CC6805051C16B88700B90D38 /* Products */,
			);
			sourceTree = "<group>";
		};
		CC6805051C16B88700B90D38 /* Products */ = {
			isa = PBXGroup;
			children = (
				CC6805041C16B88700B90D38 /* 01-UICollectionDemo.app */,
				CC68051D1C16B88700B90D38 /* 01-UICollectionDemoTests.xctest */,
			);
			name = Products;
			sourceTree = "<group>";
		};
		CC6805061C16B88700B90D38 /* 01-UICollectionDemo */ = {
			isa = PBXGroup;
			children = (
				CC6805371C16D0CE00B90D38 /* Model */,
				CC6805361C16D0C500B90D38 /* View */,
				CC6805351C16D0B700B90D38 /* Controller */,
				CC6805141C16B88700B90D38 /* Images.xcassets */,
				CC6805161C16B88700B90D38 /* LaunchScreen.xib */,
				CC6805071C16B88700B90D38 /* Supporting Files */,
			);
			path = "01-UICollectionDemo";
			sourceTree = "<group>";
		};
		CC6805071C16B88700B90D38 /* Supporting Files */ = {
			isa = PBXGroup;
			children = (
				CC68053B1C16D13C00B90D38 /* apps.plist */,
				CC68053C1C16D13C00B90D38 /* icons */,
				CC68050B1C16B88700B90D38 /* AppDelegate.h */,
				CC68050C1C16B88700B90D38 /* AppDelegate.m */,
				CC6805081C16B88700B90D38 /* Info.plist */,
				CC6805091C16B88700B90D38 /* main.m */,
			);
			name = "Supporting Files";
			sourceTree = "<group>";
		};
		CC6805201C16B88700B90D38 /* 01-UICollectionDemoTests */ = {
			isa = PBXGroup;
			children = (
				CC6805231C16B88700B90D38 /* _1_UICollectionDemoTests.m */,
				CC6805211C16B88700B90D38 /* Supporting Files */,
			);
			path = "01-UICollectionDemoTests";
			sourceTree = "<group>";
		};
		CC6805211C16B88700B90D38 /* Supporting Files */ = {
			isa = PBXGroup;
			children = (
				CC6805221C16B88700B90D38 /* Info.plist */,
			);
			name = "Supporting Files";
			sourceTree = "<group>";
		};
		CC6805351C16D0B700B90D38 /* Controller */ = {
			isa = PBXGroup;
			children = (
				CC68050E1C16B88700B90D38 /* ViewController.h */,
				CC68050F1C16B88700B90D38 /* ViewController.m */,
			);
			name = Controller;
			sourceTree = "<group>";
		};
		CC6805361C16D0C500B90D38 /* View */ = {
			isa = PBXGroup;
			children = (
				CC6805301C16BC9800B90D38 /* QYCollectionViewCell.h */,
				CC6805311C16BC9800B90D38 /* QYCollectionViewCell.m */,
				CC6805321C16BC9800B90D38 /* QYCollectionViewCell.xib */,
				CC6805111C16B88700B90D38 /* Main.storyboard */,
			);
			name = View;
			sourceTree = "<group>";
		};
		CC6805371C16D0CE00B90D38 /* Model */ = {
			isa = PBXGroup;
			children = (
				CC6805381C16D10B00B90D38 /* QYApp.h */,
				CC6805391C16D10B00B90D38 /* QYApp.m */,
			);
			name = Model;
			sourceTree = "<group>";
		};
		CC68053C1C16D13C00B90D38 /* icons */ = {
			isa = PBXGroup;
			children = (
				CC68053D1C16D13C00B90D38 /* icon_10099632_20861761_1428654371.png */,
				CC68053E1C16D13C00B90D38 /* icon_10170898_20814808_1427993440.png */,
				CC68053F1C16D13C00B90D38 /* icon_10195498_20814816_1427993495.png */,
				CC6805401C16D13C00B90D38 /* icon_10197302_21168699_1432783122.png */,
				CC6805411C16D13C00B90D38 /* icon_10307710_21127749_1432173605.png */,
				CC6805421C16D13C00B90D38 /* icon_10440469_21132855_1432208450.png */,
				CC6805431C16D13C00B90D38 /* icon_10451659_21094805_1431656995.png */,
				CC6805441C16D13C00B90D38 /* icon_10453026_21134862_1432261689.png */,
				CC6805451C16D13C00B90D38 /* icon_10474521_21023282_1430733306.png */,
				CC6805461C16D13C00B90D38 /* icon_10478905_20814899_1427993807.png */,
				CC6805471C16D13C00B90D38 /* icon_10550983_20814907_1427993884.png */,
				CC6805481C16D13C00B90D38 /* icon_10681702_21052340_1431070284.png */,
				CC6805491C16D13C00B90D38 /* icon_10700832_20860930_1428645181.png */,
				CC68054A1C16D13C00B90D38 /* icon_1115588_21117732_1432027017.png */,
				CC68054B1C16D13C00B90D38 /* icon_11285571_21179961_1432896869.png */,
				CC68054C1C16D13C00B90D38 /* icon_1195255_20906474_1429171065.png */,
				CC68054D1C16D13C00B90D38 /* icon_1299087_20814828_1427993536.png */,
				CC68054E1C16D13C00B90D38 /* icon_3260_21178168_1432887385.png */,
				CC68054F1C16D13C00B90D38 /* icon_3439_21074976_1431416056.png */,
				CC6805501C16D13C00B90D38 /* icon_4504_20814602_1427991973.png */,
				CC6805511C16D13C00B90D38 /* icon_98_19973839_1419336528.png */,
			);
			path = icons;
			sourceTree = "<group>";
		};
/* End PBXGroup section */

/* Begin PBXNativeTarget section */
		CC6805031C16B88700B90D38 /* 01-UICollectionDemo */ = {
			isa = PBXNativeTarget;
			buildConfigurationList = CC6805271C16B88700B90D38 /* Build configuration list for PBXNativeTarget "01-UICollectionDemo" */;
			buildPhases = (
				CC6805001C16B88700B90D38 /* Sources */,
				CC6805011C16B88700B90D38 /* Frameworks */,
				CC6805021C16B88700B90D38 /* Resources */,
			);
			buildRules = (
			);
			dependencies = (
			);
			name = "01-UICollectionDemo";
			productName = "01-UICollectionDemo";
			productReference = CC6805041C16B88700B90D38 /* 01-UICollectionDemo.app */;
			productType = "com.apple.product-type.application";
		};
		CC68051C1C16B88700B90D38 /* 01-UICollectionDemoTests */ = {
			isa = PBXNativeTarget;
			buildConfigurationList = CC68052A1C16B88700B90D38 /* Build configuration list for PBXNativeTarget "01-UICollectionDemoTests" */;
			buildPhases = (
				CC6805191C16B88700B90D38 /* Sources */,
				CC68051A1C16B88700B90D38 /* Frameworks */,
				CC68051B1C16B88700B90D38 /* Resources */,
			);
			buildRules = (
			);
			dependencies = (
				CC68051F1C16B88700B90D38 /* PBXTargetDependency */,
			);
			name = "01-UICollectionDemoTests";
			productName = "01-UICollectionDemoTests";
			productReference = CC68051D1C16B88700B90D38 /* 01-UICollectionDemoTests.xctest */;
			productType = "com.apple.product-type.bundle.unit-test";
		};
/* End PBXNativeTarget section */

/* Begin PBXProject section */
		CC6804FC1C16B88700B90D38 /* Project object */ = {
			isa = PBXProject;
			attributes = {
				LastUpgradeCheck = 0640;
				ORGANIZATIONNAME = "阿六";
				TargetAttributes = {
					CC6805031C16B88700B90D38 = {
						CreatedOnToolsVersion = 6.4;
					};
					CC68051C1C16B88700B90D38 = {
						CreatedOnToolsVersion = 6.4;
						TestTargetID = CC6805031C16B88700B90D38;
					};
				};
			};
			buildConfigurationList = CC6804FF1C16B88700B90D38 /* Build configuration list for PBXProject "01-UICollectionDemo" */;
			compatibilityVersion = "Xcode 3.2";
			developmentRegion = English;
			hasScannedForEncodings = 0;
			knownRegions = (
				en,
				Base,
			);
			mainGroup = CC6804FB1C16B88700B90D38;
			productRefGroup = CC6805051C16B88700B90D38 /* Products */;
			projectDirPath = "";
			projectRoot = "";
			targets = (
				CC6805031C16B88700B90D38 /* 01-UICollectionDemo */,
				CC68051C1C16B88700B90D38 /* 01-UICollectionDemoTests */,
			);
		};
/* End PBXProject section */

/* Begin PBXResourcesBuildPhase section */
		CC6805021C16B88700B90D38 /* Resources */ = {
			isa = PBXResourcesBuildPhase;
			buildActionMask = 2147483647;
			files = (
				CC6805571C16D13C00B90D38 /* icon_10307710_21127749_1432173605.png in Resources */,
				CC6805631C16D13C00B90D38 /* icon_1299087_20814828_1427993536.png in Resources */,
				CC68055F1C16D13C00B90D38 /* icon_10700832_20860930_1428645181.png in Resources */,
				CC6805531C16D13C00B90D38 /* icon_10099632_20861761_1428654371.png in Resources */,
				CC6805671C16D13C00B90D38 /* icon_98_19973839_1419336528.png in Resources */,
				CC68055B1C16D13C00B90D38 /* icon_10474521_21023282_1430733306.png in Resources */,
				CC68055D1C16D13C00B90D38 /* icon_10550983_20814907_1427993884.png in Resources */,
				CC6805131C16B88700B90D38 /* Main.storyboard in Resources */,
				CC6805181C16B88700B90D38 /* LaunchScreen.xib in Resources */,
				CC6805651C16D13C00B90D38 /* icon_3439_21074976_1431416056.png in Resources */,
				CC6805341C16BC9800B90D38 /* QYCollectionViewCell.xib in Resources */,
				CC6805521C16D13C00B90D38 /* apps.plist in Resources */,
				CC6805541C16D13C00B90D38 /* icon_10170898_20814808_1427993440.png in Resources */,
				CC6805581C16D13C00B90D38 /* icon_10440469_21132855_1432208450.png in Resources */,
				CC68055E1C16D13C00B90D38 /* icon_10681702_21052340_1431070284.png in Resources */,
				CC6805611C16D13C00B90D38 /* icon_11285571_21179961_1432896869.png in Resources */,
				CC68055A1C16D13C00B90D38 /* icon_10453026_21134862_1432261689.png in Resources */,
				CC6805661C16D13C00B90D38 /* icon_4504_20814602_1427991973.png in Resources */,
				CC6805621C16D13C00B90D38 /* icon_1195255_20906474_1429171065.png in Resources */,
				CC6805601C16D13C00B90D38 /* icon_1115588_21117732_1432027017.png in Resources */,
				CC6805551C16D13C00B90D38 /* icon_10195498_20814816_1427993495.png in Resources */,
				CC6805561C16D13C00B90D38 /* icon_10197302_21168699_1432783122.png in Resources */,
				CC6805151C16B88700B90D38 /* Images.xcassets in Resources */,
				CC6805641C16D13C00B90D38 /* icon_3260_21178168_1432887385.png in Resources */,
				CC6805591C16D13C00B90D38 /* icon_10451659_21094805_1431656995.png in Resources */,
				CC68055C1C16D13C00B90D38 /* icon_10478905_20814899_1427993807.png in Resources */,
			);
			runOnlyForDeploymentPostprocessing = 0;
		};
		CC68051B1C16B88700B90D38 /* Resources */ = {
			isa = PBXResourcesBuildPhase;
			buildActionMask = 2147483647;
			files = (
			);
			runOnlyForDeploymentPostprocessing = 0;
		};
/* End PBXResourcesBuildPhase section */

/* Begin PBXSourcesBuildPhase section */
		CC6805001C16B88700B90D38 /* Sources */ = {
			isa = PBXSourcesBuildPhase;
			buildActionMask = 2147483647;
			files = (
				CC6805101C16B88700B90D38 /* ViewController.m in Sources */,
				CC68050D1C16B88700B90D38 /* AppDelegate.m in Sources */,
				CC6805331C16BC9800B90D38 /* QYCollectionViewCell.m in Sources */,
				CC68053A1C16D10B00B90D38 /* QYApp.m in Sources */,
				CC68050A1C16B88700B90D38 /* main.m in Sources */,
			);
			runOnlyForDeploymentPostprocessing = 0;
		};
		CC6805191C16B88700B90D38 /* Sources */ = {
			isa = PBXSourcesBuildPhase;
			buildActionMask = 2147483647;
			files = (
				CC6805241C16B88700B90D38 /* _1_UICollectionDemoTests.m in Sources */,
			);
			runOnlyForDeploymentPostprocessing = 0;
		};
/* End PBXSourcesBuildPhase section */

/* Begin PBXTargetDependency section */
		CC68051F1C16B88700B90D38 /* PBXTargetDependency */ = {
			isa = PBXTargetDependency;
			target = CC6805031C16B88700B90D38 /* 01-UICollectionDemo */;
			targetProxy = CC68051E1C16B88700B90D38 /* PBXContainerItemProxy */;
		};
/* End PBXTargetDependency section */

/* Begin PBXVariantGroup section */
		CC6805111C16B88700B90D38 /* Main.storyboard */ = {
			isa = PBXVariantGroup;
			children = (
				CC6805121C16B88700B90D38 /* Base */,
			);
			name = Main.storyboard;
			sourceTree = "<group>";
		};
		CC6805161C16B88700B90D38 /* LaunchScreen.xib */ = {
			isa = PBXVariantGroup;
			children = (
				CC6805171C16B88700B90D38 /* Base */,
			);
			name = LaunchScreen.xib;
			sourceTree = "<group>";
		};
/* End PBXVariantGroup section */

/* Begin XCBuildConfiguration section */
		CC6805251C16B88700B90D38 /* Debug */ = {
			isa = XCBuildConfiguration;
			buildSettings = {
				ALWAYS_SEARCH_USER_PATHS = NO;
				CLANG_CXX_LANGUAGE_STANDARD = "gnu++0x";
				CLANG_CXX_LIBRARY = "libc++";
				CLANG_ENABLE_MODULES = YES;
				CLANG_ENABLE_OBJC_ARC = YES;
				CLANG_WARN_BOOL_CONVERSION = YES;
				CLANG_WARN_CONSTANT_CONVERSION = YES;
				CLANG_WARN_DIRECT_OBJC_ISA_USAGE = YES_ERROR;
				CLANG_WARN_EMPTY_BODY = YES;
				CLANG_WARN_ENUM_CONVERSION = YES;
				CLANG_WARN_INT_CONVERSION = YES;
				CLANG_WARN_OBJC_ROOT_CLASS = YES_ERROR;
				CLANG_WARN_UNREACHABLE_CODE = YES;
				CLANG_WARN__DUPLICATE_METHOD_MATCH = YES;
				"CODE_SIGN_IDENTITY[sdk=iphoneos*]" = "iPhone Developer";
				COPY_PHASE_STRIP = NO;
				DEBUG_INFORMATION_FORMAT = "dwarf-with-dsym";
				ENABLE_STRICT_OBJC_MSGSEND = YES;
				GCC_C_LANGUAGE_STANDARD = gnu99;
				GCC_DYNAMIC_NO_PIC = NO;
				GCC_NO_COMMON_BLOCKS = YES;
				GCC_OPTIMIZATION_LEVEL = 0;
				GCC_PREPROCESSOR_DEFINITIONS = (
					"DEBUG=1",
					"$(inherited)",
				);
				GCC_SYMBOLS_PRIVATE_EXTERN = NO;
				GCC_WARN_64_TO_32_BIT_CONVERSION = YES;
				GCC_WARN_ABOUT_RETURN_TYPE = YES_ERROR;
				GCC_WARN_UNDECLARED_SELECTOR = YES;
				GCC_WARN_UNINITIALIZED_AUTOS = YES_AGGRESSIVE;
				GCC_WARN_UNUSED_FUNCTION = YES;
				GCC_WARN_UNUSED_VARIABLE = YES;
				IPHONEOS_DEPLOYMENT_TARGET = 8.4;
				MTL_ENABLE_DEBUG_INFO = YES;
				ONLY_ACTIVE_ARCH = YES;
				SDKROOT = iphoneos;
				TARGETED_DEVICE_FAMILY = "1,2";
			};
			name = Debug;
		};
		CC6805261C16B88700B90D38 /* Release */ = {
			isa = XCBuildConfiguration;
			buildSettings = {
				ALWAYS_SEARCH_USER_PATHS = NO;
				CLANG_CXX_LANGUAGE_STANDARD = "gnu++0x";
				CLANG_CXX_LIBRARY = "libc++";
				CLANG_ENABLE_MODULES = YES;
				CLANG_ENABLE_OBJC_ARC = YES;
				CLANG_WARN_BOOL_CONVERSION = YES;
				CLANG_WARN_CONSTANT_CONVERSION = YES;
				CLANG_WARN_DIRECT_OBJC_ISA_USAGE = YES_ERROR;
				CLANG_WARN_EMPTY_BODY = YES;
				CLANG_WARN_ENUM_CONVERSION = YES;
				CLANG_WARN_INT_CONVERSION = YES;
				CLANG_WARN_OBJC_ROOT_CLASS = YES_ERROR;
				CLANG_WARN_UNREACHABLE_CODE = YES;
				CLANG_WARN__DUPLICATE_METHOD_MATCH = YES;
				"CODE_SIGN_IDENTITY[sdk=iphoneos*]" = "iPhone Developer";
				COPY_PHASE_STRIP = NO;
				DEBUG_INFORMATION_FORMAT = "dwarf-with-dsym";
				ENABLE_NS_ASSERTIONS = NO;
				ENABLE_STRICT_OBJC_MSGSEND = YES;
				GCC_C_LANGUAGE_STANDARD = gnu99;
				GCC_NO_COMMON_BLOCKS = YES;
				GCC_WARN_64_TO_32_BIT_CONVERSION = YES;
				GCC_WARN_ABOUT_RETURN_TYPE = YES_ERROR;
				GCC_WARN_UNDECLARED_SELECTOR = YES;
				GCC_WARN_UNINITIALIZED_AUTOS = YES_AGGRESSIVE;
				GCC_WARN_UNUSED_FUNCTION = YES;
				GCC_WARN_UNUSED_VARIABLE = YES;
				IPHONEOS_DEPLOYMENT_TARGET = 8.4;
				MTL_ENABLE_DEBUG_INFO = NO;
				SDKROOT = iphoneos;
				TARGETED_DEVICE_FAMILY = "1,2";
				VALIDATE_PRODUCT = YES;
			};
			name = Release;
		};
		CC6805281C16B88700B90D38 /* Debug */ = {
			isa = XCBuildConfiguration;
			buildSettings = {
				ASSETCATALOG_COMPILER_APPICON_NAME = AppIcon;
				INFOPLIST_FILE = "01-UICollectionDemo/Info.plist";
				LD_RUNPATH_SEARCH_PATHS = "$(inherited) @executable_path/Frameworks";
				PRODUCT_NAME = "$(TARGET_NAME)";
			};
			name = Debug;
		};
		CC6805291C16B88700B90D38 /* Release */ = {
			isa = XCBuildConfiguration;
			buildSettings = {
				ASSETCATALOG_COMPILER_APPICON_NAME = AppIcon;
				INFOPLIST_FILE = "01-UICollectionDemo/Info.plist";
				LD_RUNPATH_SEARCH_PATHS = "$(inherited) @executable_path/Frameworks";
				PRODUCT_NAME = "$(TARGET_NAME)";
			};
			name = Release;
		};
		CC68052B1C16B88700B90D38 /* Debug */ = {
			isa = XCBuildConfiguration;
			buildSettings = {
				BUNDLE_LOADER = "$(TEST_HOST)";
				FRAMEWORK_SEARCH_PATHS = (
					"$(SDKROOT)/Developer/Library/Frameworks",
					"$(inherited)",
				);
				GCC_PREPROCESSOR_DEFINITIONS = (
					"DEBUG=1",
					"$(inherited)",
				);
				INFOPLIST_FILE = "01-UICollectionDemoTests/Info.plist";
				LD_RUNPATH_SEARCH_PATHS = "$(inherited) @executable_path/Frameworks @loader_path/Frameworks";
				PRODUCT_NAME = "$(TARGET_NAME)";
				TEST_HOST = "$(BUILT_PRODUCTS_DIR)/01-UICollectionDemo.app/01-UICollectionDemo";
			};
			name = Debug;
		};
		CC68052C1C16B88700B90D38 /* Release */ = {
			isa = XCBuildConfiguration;
			buildSettings = {
				BUNDLE_LOADER = "$(TEST_HOST)";
				FRAMEWORK_SEARCH_PATHS = (
					"$(SDKROOT)/Developer/Library/Frameworks",
					"$(inherited)",
				);
				INFOPLIST_FILE = "01-UICollectionDemoTests/Info.plist";
				LD_RUNPATH_SEARCH_PATHS = "$(inherited) @executable_path/Frameworks @loader_path/Frameworks";
				PRODUCT_NAME = "$(TARGET_NAME)";
				TEST_HOST = "$(BUILT_PRODUCTS_DIR)/01-UICollectionDemo.app/01-UICollectionDemo";
			};
			name = Release;
		};
/* End XCBuildConfiguration section */

/* Begin XCConfigurationList section */
		CC6804FF1C16B88700B90D38 /* Build configuration list for PBXProject "01-UICollectionDemo" */ = {
			isa = XCConfigurationList;
			buildConfigurations = (
				CC6805251C16B88700B90D38 /* Debug */,
				CC6805261C16B88700B90D38 /* Release */,
			);
			defaultConfigurationIsVisible = 0;
			defaultConfigurationName = Release;
		};
		CC6805271C16B88700B90D38 /* Build configuration list for PBXNativeTarget "01-UICollectionDemo" */ = {
			isa = XCConfigurationList;
			buildConfigurations = (
				CC6805281C16B88700B90D38 /* Debug */,
				CC6805291C16B88700B90D38 /* Release */,
			);
			defaultConfigurationIsVisible = 0;
		};
		CC68052A1C16B88700B90D38 /* Build configuration list for PBXNativeTarget "01-UICollectionDemoTests" */ = {
			isa = XCConfigurationList;
			buildConfigurations = (
				CC68052B1C16B88700B90D38 /* Debug */,
				CC68052C1C16B88700B90D38 /* Release */,
			);
			defaultConfigurationIsVisible = 0;
		};
/* End XCConfigurationList section */
	};
	rootObject = CC6804FC1C16B88700B90D38 /* Project object */;
}
